
Microsoft Visual Studio Solution File, Format Version 11.00
# Visual Studio 2010
Project("{FAE04EC0-301F-11D3-BF4B-00C04F79EFBC}") = "ConvolutionalNeuralNetwork", "ConvolutionalNeuralNetwork\ConvolutionalNeuralNetwork.csproj", "{59C9C44A-C6A4-4264-98DD-CA2823C53B7A}"
EndProject
Project("{FAE04EC0-301F-11D3-BF4B-00C04F79EFBC}") = "ConvolutionalNeuralNetwork.Test", "ConvolutionalNeuralNetworkTest\ConvolutionalNeuralNetwork.Test.csproj", "{A7E42E5A-529E-43B2-BBA7-BA1D5201BDF9}"
EndProject
Project("{FAE04EC0-301F-11D3-BF4B-00C04F79EFBC}") = "Visionary", "Visionary\Visionary.csproj", "{C89BFF45-41F8-41A2-ACC2-53415370680C}"
EndProject
Project("{FAE04EC0-301F-11D3-BF4B-00C04F79EFBC}") = "Visionary.Examples.Xor", "Visionary.Examples.Xor\Visionary.Examples.Xor.csproj", "{A2C881A6-75EB-4759-A9D1-F54D5B0AB4EA}"
EndProject
Global
	GlobalSection(SolutionConfigurationPlatforms) = preSolution
		Debug|Any CPU = Debug|Any CPU
		Debug|Mixed Platforms = Debug|Mixed Platforms
		Debug|x86 = Debug|x86
		Release|Any CPU = Release|Any CPU
		Release|Mixed Platforms = Release|Mixed Platforms
		Release|x86 = Release|x86
	EndGlobalSection
	GlobalSection(ProjectConfigurationPlatforms) = postSolution
		{59C9C44A-C6A4-4264-98DD-CA2823C53B7A}.Debug|Any CPU.ActiveCfg = Debug|Any CPU
		{59C9C44A-C6A4-4264-98DD-CA2823C53B7A}.Debug|Any CPU.Build.0 = Debug|Any CPU
		{59C9C44A-C6A4-4264-98DD-CA2823C53B7A}.Debug|Mixed Platforms.ActiveCfg = Debug|Any CPU
		{59C9C44A-C6A4-4264-98DD-CA2823C53B7A}.Debug|Mixed Platforms.Build.0 = Debug|Any CPU
		{59C9C44A-C6A4-4264-98DD-CA2823C53B7A}.Debug|x86.ActiveCfg = Debug|Any CPU
		{59C9C44A-C6A4-4264-98DD-CA2823C53B7A}.Release|Any CPU.ActiveCfg = Release|Any CPU
		{59C9C44A-C6A4-4264-98DD-CA2823C53B7A}.Release|Any CPU.Build.0 = Release|Any CPU
		{59C9C44A-C6A4-4264-98DD-CA2823C53B7A}.Release|Mixed Platforms.ActiveCfg = Release|Any CPU
		{59C9C44A-C6A4-4264-98DD-CA2823C53B7A}.Release|Mixed Platforms.Build.0 = Release|Any CPU
		{59C9C44A-C6A4-4264-98DD-CA2823C53B7A}.Release|x86.ActiveCfg = Release|Any CPU
		{A7E42E5A-529E-43B2-BBA7-BA1D5201BDF9}.Debug|Any CPU.ActiveCfg = Debug|Any CPU
		{A7E42E5A-529E-43B2-BBA7-BA1D5201BDF9}.Debug|Any CPU.Build.0 = Debug|Any CPU
		{A7E42E5A-529E-43B2-BBA7-BA1D5201BDF9}.Debug|Mixed Platforms.ActiveCfg = Debug|Any CPU
		{A7E42E5A-529E-43B2-BBA7-BA1D5201BDF9}.Debug|Mixed Platforms.Build.0 = Debug|Any CPU
		{A7E42E5A-529E-43B2-BBA7-BA1D5201BDF9}.Debug|x86.ActiveCfg = Debug|Any CPU
		{A7E42E5A-529E-43B2-BBA7-BA1D5201BDF9}.Release|Any CPU.ActiveCfg = Release|Any CPU
		{A7E42E5A-529E-43B2-BBA7-BA1D5201BDF9}.Release|Any CPU.Build.0 = Release|Any CPU
		{A7E42E5A-529E-43B2-BBA7-BA1D5201BDF9}.Release|Mixed Platforms.ActiveCfg = Release|Any CPU
		{A7E42E5A-529E-43B2-BBA7-BA1D5201BDF9}.Release|Mixed Platforms.Build.0 = Release|Any CPU
		{A7E42E5A-529E-43B2-BBA7-BA1D5201BDF9}.Release|x86.ActiveCfg = Release|Any CPU
		{C89BFF45-41F8-41A2-ACC2-53415370680C}.Debug|Any CPU.ActiveCfg = Debug|x86
		{C89BFF45-41F8-41A2-ACC2-53415370680C}.Debug|Mixed Platforms.ActiveCfg = Debug|x86
		{C89BFF45-41F8-41A2-ACC2-53415370680C}.Debug|Mixed Platforms.Build.0 = Debug|x86
		{C89BFF45-41F8-41A2-ACC2-53415370680C}.Debug|x86.ActiveCfg = Debug|x86
		{C89BFF45-41F8-41A2-ACC2-53415370680C}.Debug|x86.Build.0 = Debug|x86
		{C89BFF45-41F8-41A2-ACC2-53415370680C}.Release|Any CPU.ActiveCfg = Release|x86
		{C89BFF45-41F8-41A2-ACC2-53415370680C}.Release|Mixed Platforms.ActiveCfg = Release|x86
		{C89BFF45-41F8-41A2-ACC2-53415370680C}.Release|Mixed Platforms.Build.0 = Release|x86
		{C89BFF45-41F8-41A2-ACC2-53415370680C}.Release|x86.ActiveCfg = Release|x86
		{C89BFF45-41F8-41A2-ACC2-53415370680C}.Release|x86.Build.0 = Release|x86
		{A2C881A6-75EB-4759-A9D1-F54D5B0AB4EA}.Debug|Any CPU.ActiveCfg = Debug|x86
		{A2C881A6-75EB-4759-A9D1-F54D5B0AB4EA}.Debug|Mixed Platforms.ActiveCfg = Debug|x86
		{A2C881A6-75EB-4759-A9D1-F54D5B0AB4EA}.Debug|Mixed Platforms.Build.0 = Debug|x86
		{A2C881A6-75EB-4759-A9D1-F54D5B0AB4EA}.Debug|x86.ActiveCfg = Debug|x86
		{A2C881A6-75EB-4759-A9D1-F54D5B0AB4EA}.Debug|x86.Build.0 = Debug|x86
		{A2C881A6-75EB-4759-A9D1-F54D5B0AB4EA}.Release|Any CPU.ActiveCfg = Release|x86
		{A2C881A6-75EB-4759-A9D1-F54D5B0AB4EA}.Release|Mixed Platforms.ActiveCfg = Release|x86
		{A2C881A6-75EB-4759-A9D1-F54D5B0AB4EA}.Release|Mixed Platforms.Build.0 = Release|x86
		{A2C881A6-75EB-4759-A9D1-F54D5B0AB4EA}.Release|x86.ActiveCfg = Release|x86
		{A2C881A6-75EB-4759-A9D1-F54D5B0AB4EA}.Release|x86.Build.0 = Release|x86
	EndGlobalSection
	GlobalSection(SolutionProperties) = preSolution
		HideSolutionNode = FALSE
	EndGlobalSection
EndGlobal
